
Microsoft Visual Studio Solution File, Format Version 12.00
# Visual Studio Version 17
VisualStudioVersion = 17.8.34511.84
MinimumVisualStudioVersion = 10.0.40219.1
Project("{FAE04EC0-301F-11D3-BF4B-00C04F79EFBC}") = "test_auto", "test_auto\test_auto.csproj", "{2A73CDDA-034C-4166-B56D-FC0F33AC4A6D}"
EndProject
Global
	GlobalSection(SolutionConfigurationPlatforms) = preSolution
		Debug|Any CPU = Debug|Any CPU
		Release|Any CPU = Release|Any CPU
	EndGlobalSection
	GlobalSection(ProjectConfigurationPlatforms) = postSolution
		{2A73CDDA-034C-4166-B56D-FC0F33AC4A6D}.Debug|Any CPU.ActiveCfg = Debug|Any CPU
		{2A73CDDA-034C-4166-B56D-FC0F33AC4A6D}.Debug|Any CPU.Build.0 = Debug|Any CPU
		{2A73CDDA-034C-4166-B56D-FC0F33AC4A6D}.Release|Any CPU.ActiveCfg = Release|Any CPU
		{2A73CDDA-034C-4166-B56D-FC0F33AC4A6D}.Release|Any CPU.Build.0 = Release|Any CPU
	EndGlobalSection
	GlobalSection(SolutionProperties) = preSolution
		HideSolutionNode = FALSE
	EndGlobalSection
	GlobalSection(ExtensibilityGlobals) = postSolution
		SolutionGuid = {22B765AD-70C3-47D5-A0AD-DB564B5D32A5}
	EndGlobalSection
EndGlobal
